
Microsoft Visual Studio Solution File, Format Version 12.00
# Visual Studio Version 17
VisualStudioVersion = 17.5.002.0
MinimumVisualStudioVersion = 10.0.40219.1
Project("{9A19103F-16F7-4668-BE54-9A1E7A4F7556}") = "NewestSemanticKernelApp", "NewestSemanticKernelApp.csproj", "{F6BBB4A9-E5E5-45B8-A876-C475E5D84A16}"
EndProject
Global
	GlobalSection(SolutionConfigurationPlatforms) = preSolution
		Debug|Any CPU = Debug|Any CPU
		Release|Any CPU = Release|Any CPU
	EndGlobalSection
	GlobalSection(ProjectConfigurationPlatforms) = postSolution
		{F6BBB4A9-E5E5-45B8-A876-C475E5D84A16}.Debug|Any CPU.ActiveCfg = Debug|Any CPU
		{F6BBB4A9-E5E5-45B8-A876-C475E5D84A16}.Debug|Any CPU.Build.0 = Debug|Any CPU
		{F6BBB4A9-E5E5-45B8-A876-C475E5D84A16}.Release|Any CPU.ActiveCfg = Release|Any CPU
		{F6BBB4A9-E5E5-45B8-A876-C475E5D84A16}.Release|Any CPU.Build.0 = Release|Any CPU
	EndGlobalSection
	GlobalSection(SolutionProperties) = preSolution
		HideSolutionNode = FALSE
	EndGlobalSection
	GlobalSection(ExtensibilityGlobals) = postSolution
		SolutionGuid = {8542F4AA-75D9-417A-853C-FDAAC644E7B4}
	EndGlobalSection
EndGlobal
